
Microsoft Visual Studio Solution File, Format Version 12.00
# Visual Studio Version 16
VisualStudioVersion = 16.0.29201.188
MinimumVisualStudioVersion = 10.0.40219.1
Project("{FAE04EC0-301F-11D3-BF4B-00C04F79EFBC}") = "ShipTracker", "ShipTracker\ShipTracker.csproj", "{615BD129-2E7A-41D8-BAE9-C60F20371005}"
EndProject
Global
	GlobalSection(SolutionConfigurationPlatforms) = preSolution
		Debug|Any CPU = Debug|Any CPU
		Release|Any CPU = Release|Any CPU
	EndGlobalSection
	GlobalSection(ProjectConfigurationPlatforms) = postSolution
		{615BD129-2E7A-41D8-BAE9-C60F20371005}.Debug|Any CPU.ActiveCfg = Debug|Any CPU
		{615BD129-2E7A-41D8-BAE9-C60F20371005}.Debug|Any CPU.Build.0 = Debug|Any CPU
		{615BD129-2E7A-41D8-BAE9-C60F20371005}.Release|Any CPU.ActiveCfg = Release|Any CPU
		{615BD129-2E7A-41D8-BAE9-C60F20371005}.Release|Any CPU.Build.0 = Release|Any CPU
	EndGlobalSection
	GlobalSection(SolutionProperties) = preSolution
		HideSolutionNode = FALSE
	EndGlobalSection
	GlobalSection(ExtensibilityGlobals) = postSolution
		SolutionGuid = {5498C354-5DCC-4724-B5AD-83E31D26081E}
	EndGlobalSection
EndGlobal
