
Microsoft Visual Studio Solution File, Format Version 12.00
# Visual Studio Version 17
VisualStudioVersion = 17.0.31612.314
MinimumVisualStudioVersion = 10.0.40219.1
Project("{FAE04EC0-301F-11D3-BF4B-00C04F79EFBC}") = "CharGenBlazor", "CharGenBlazor\CharGenBlazor.csproj", "{0ECD9240-3114-4A94-B353-D0037E28EC53}"
EndProject
Global
	GlobalSection(SolutionConfigurationPlatforms) = preSolution
		Debug|Any CPU = Debug|Any CPU
		Release|Any CPU = Release|Any CPU
	EndGlobalSection
	GlobalSection(ProjectConfigurationPlatforms) = postSolution
		{0ECD9240-3114-4A94-B353-D0037E28EC53}.Debug|Any CPU.ActiveCfg = Debug|Any CPU
		{0ECD9240-3114-4A94-B353-D0037E28EC53}.Debug|Any CPU.Build.0 = Debug|Any CPU
		{0ECD9240-3114-4A94-B353-D0037E28EC53}.Release|Any CPU.ActiveCfg = Release|Any CPU
		{0ECD9240-3114-4A94-B353-D0037E28EC53}.Release|Any CPU.Build.0 = Release|Any CPU
	EndGlobalSection
	GlobalSection(SolutionProperties) = preSolution
		HideSolutionNode = FALSE
	EndGlobalSection
	GlobalSection(ExtensibilityGlobals) = postSolution
		SolutionGuid = {7B346B1C-39EA-4137-A17C-D0A81655B56F}
	EndGlobalSection
EndGlobal
