
Microsoft Visual Studio Solution File, Format Version 12.00
# Visual Studio Version 16
VisualStudioVersion = 16.0.31424.327
MinimumVisualStudioVersion = 10.0.40219.1
Project("{FAE04EC0-301F-11D3-BF4B-00C04F79EFBC}") = "CharGen1", "CharGen1\CharGen1.csproj", "{C13C8845-268D-4C27-80A0-F99B5E3F2FD0}"
EndProject
Global
	GlobalSection(SolutionConfigurationPlatforms) = preSolution
		Debug|Any CPU = Debug|Any CPU
		Release|Any CPU = Release|Any CPU
	EndGlobalSection
	GlobalSection(ProjectConfigurationPlatforms) = postSolution
		{C13C8845-268D-4C27-80A0-F99B5E3F2FD0}.Debug|Any CPU.ActiveCfg = Debug|Any CPU
		{C13C8845-268D-4C27-80A0-F99B5E3F2FD0}.Debug|Any CPU.Build.0 = Debug|Any CPU
		{C13C8845-268D-4C27-80A0-F99B5E3F2FD0}.Release|Any CPU.ActiveCfg = Release|Any CPU
		{C13C8845-268D-4C27-80A0-F99B5E3F2FD0}.Release|Any CPU.Build.0 = Release|Any CPU
	EndGlobalSection
	GlobalSection(SolutionProperties) = preSolution
		HideSolutionNode = FALSE
	EndGlobalSection
	GlobalSection(ExtensibilityGlobals) = postSolution
		SolutionGuid = {D34E2504-23C4-4EE3-9848-CE7728B4A5CC}
	EndGlobalSection
EndGlobal
